Microsoft Visual Studio Solution File, Format Version 12.00
# Visual Studio 2012
Project("{FAE04EC0-301F-11D3-BF4B-00C04F79EFBC}") = "EnvironmentalDestructionDemo", "EnvironmentalDestructionDemo.csproj", "{0038791B-9C7E-4852-937A-8410FED64012}"
EndProject
Global
	GlobalSection(SolutionConfigurationPlatforms) = preSolution
	Debug|Any CPU = Debug|Any CPU
	ExportDebug|Any CPU = ExportDebug|Any CPU
	ExportRelease|Any CPU = ExportRelease|Any CPU
	EndGlobalSection
	GlobalSection(ProjectConfigurationPlatforms) = postSolution
		{0038791B-9C7E-4852-937A-8410FED64012}.Debug|Any CPU.ActiveCfg = Debug|Any CPU
		{0038791B-9C7E-4852-937A-8410FED64012}.Debug|Any CPU.Build.0 = Debug|Any CPU
		{0038791B-9C7E-4852-937A-8410FED64012}.ExportDebug|Any CPU.ActiveCfg = ExportDebug|Any CPU
		{0038791B-9C7E-4852-937A-8410FED64012}.ExportDebug|Any CPU.Build.0 = ExportDebug|Any CPU
		{0038791B-9C7E-4852-937A-8410FED64012}.ExportRelease|Any CPU.ActiveCfg = ExportRelease|Any CPU
		{0038791B-9C7E-4852-937A-8410FED64012}.ExportRelease|Any CPU.Build.0 = ExportRelease|Any CPU
	EndGlobalSection
EndGlobal
